
Microsoft Visual Studio Solution File, Format Version 12.00
# Visual Studio Version 16
VisualStudioVersion = 16.0.808.7
MinimumVisualStudioVersion = 10.0.40219.1
Project("{FAE04EC0-301F-11D3-BF4B-00C04F79EFBC}") = "SqlServerColumnstoreSample", "SqlServerColumnstoreSample.csproj", "{1D5AB7E4-AD2E-4CD5-9B52-9E765B26F334}"
EndProject
Global
	GlobalSection(SolutionConfigurationPlatforms) = preSolution
		Debug|Any CPU = Debug|Any CPU
		Release|Any CPU = Release|Any CPU
	EndGlobalSection
	GlobalSection(ProjectConfigurationPlatforms) = postSolution
		{1D5AB7E4-AD2E-4CD5-9B52-9E765B26F334}.Debug|Any CPU.ActiveCfg = Debug|Any CPU
		{1D5AB7E4-AD2E-4CD5-9B52-9E765B26F334}.Debug|Any CPU.Build.0 = Debug|Any CPU
		{1D5AB7E4-AD2E-4CD5-9B52-9E765B26F334}.Release|Any CPU.ActiveCfg = Release|Any CPU
		{1D5AB7E4-AD2E-4CD5-9B52-9E765B26F334}.Release|Any CPU.Build.0 = Release|Any CPU
	EndGlobalSection
	GlobalSection(SolutionProperties) = preSolution
		HideSolutionNode = FALSE
	EndGlobalSection
	GlobalSection(ExtensibilityGlobals) = postSolution
		SolutionGuid = {81D0541E-4ABB-45F3-ACF0-FF76DA26E920}
	EndGlobalSection
EndGlobal
